
Microsoft Visual Studio Solution File, Format Version 12.00
# Visual Studio 15
VisualStudioVersion = 15.0.27130.2036
MinimumVisualStudioVersion = 10.0.40219.1
Project("{9A19103F-16F7-4668-BE54-9A1E7A4F7556}") = "StarTrek.FrameWork.SampleService.Api", "StarTrek.FrameWork.SampleService.Api\StarTrek.FrameWork.SampleService.Api.csproj", "{08F5F681-8813-4DC3-B5B8-F13590AFFEB7}"
EndProject
Project("{9A19103F-16F7-4668-BE54-9A1E7A4F7556}") = "StarTrek.FrameWork.SampleService.Core", "StarTrek.FrameWork.SampleService.Core\StarTrek.FrameWork.SampleService.Core.csproj", "{F413FFF8-66E4-4FD2-AD1A-99BEA263C796}"
EndProject
Project("{9A19103F-16F7-4668-BE54-9A1E7A4F7556}") = "StarTrek.FrameWork.SampleService.DataAccess", "StarTrek.FrameWork.SampleService.DataAccess\StarTrek.FrameWork.SampleService.DataAccess.csproj", "{563E6DB8-337D-49EB-A1A1-AE1305EC7F1A}"
EndProject
Project("{9A19103F-16F7-4668-BE54-9A1E7A4F7556}") = "StarTrek.FrameWork.SampleService.Models", "StarTrek.FrameWork.SampleService.Models\StarTrek.FrameWork.SampleService.Models.csproj", "{9C56FAE0-581F-4B54-AEEE-0D588539D20E}"
EndProject
Project("{2150E333-8FDC-42A3-9474-1A3956D46DE8}") = "ServiceClients", "ServiceClients", "{98FB4BD4-7D21-4BC3-B717-22C1FEAA0975}"
EndProject
Project("{9A19103F-16F7-4668-BE54-9A1E7A4F7556}") = "StarTrek.FrameWork.CustomerServiceClient", "StarTrek.FrameWork.CustomerServiceClient\StarTrek.FrameWork.CustomerServiceClient.csproj", "{6A6D1D79-91E4-4FE4-83E2-721CC64486FE}"
EndProject
Project("{2150E333-8FDC-42A3-9474-1A3956D46DE8}") = "Tests", "Tests", "{221D3CE7-68B9-4A1E-A4D1-F8007FAEA07A}"
EndProject
Project("{2150E333-8FDC-42A3-9474-1A3956D46DE8}") = "UnitTests", "UnitTests", "{34BEADBD-9ABE-4099-90F4-2DDA48777200}"
EndProject
Project("{9A19103F-16F7-4668-BE54-9A1E7A4F7556}") = "SampleService.Api.UnitTests", "SampleService.Api.UnitTests\SampleService.Api.UnitTests.csproj", "{35A8967B-A55F-4A1C-A4C5-1B85D438A4C9}"
EndProject
Project("{2150E333-8FDC-42A3-9474-1A3956D46DE8}") = "SpecTests", "SpecTests", "{EF8BB624-67B1-41A4-9222-AF16E15FE7E6}"
EndProject
Project("{9A19103F-16F7-4668-BE54-9A1E7A4F7556}") = "SampleService.Api.SpecTests", "SampleService.Api.SpecTests\SampleService.Api.SpecTests.csproj", "{A2E344D8-2C15-4FC8-B39E-274EB4527092}"
EndProject
Project("{2150E333-8FDC-42A3-9474-1A3956D46DE8}") = "SQL", "SQL", "{41F97BF6-F32B-4D96-A65F-B0D0CF3F22F4}"
EndProject
Project("{2150E333-8FDC-42A3-9474-1A3956D46DE8}") = "Tables", "Tables", "{AB3B9622-61A5-4FC4-8CD4-6ABA5195C193}"
	ProjectSection(SolutionItems) = preProject
		SQL\TB_SampleOrder.sql = SQL\TB_SampleOrder.sql
	EndProjectSection
EndProject
Project("{2150E333-8FDC-42A3-9474-1A3956D46DE8}") = "Procs", "Procs", "{342F1974-4DEB-4581-BBCD-2C754BD2792F}"
	ProjectSection(SolutionItems) = preProject
		SQL\SP_CreateSampleOrder.sql = SQL\SP_CreateSampleOrder.sql
		SQL\SP_GetSampleOrder.sql = SQL\SP_GetSampleOrder.sql
	EndProjectSection
EndProject
Project("{2150E333-8FDC-42A3-9474-1A3956D46DE8}") = "Docker", "Docker", "{4DCF2A11-A037-4686-9C32-C29163DE6818}"
	ProjectSection(SolutionItems) = preProject
		DockerFile = DockerFile
	EndProjectSection
EndProject
Project("{2150E333-8FDC-42A3-9474-1A3956D46DE8}") = "Kubernetes", "Kubernetes", "{6C2A8405-4E61-481B-960C-FA53CFDE3980}"
	ProjectSection(SolutionItems) = preProject
		ClusterRoleBinding.yaml = ClusterRoleBinding.yaml
		Kube\Deployment.yaml = Kube\Deployment.yaml
		Kube\Ingress.yaml = Kube\Ingress.yaml
		Kube\NginxIngressController.yaml = Kube\NginxIngressController.yaml
		Kube\Service.yaml = Kube\Service.yaml
		Kube\TraefikAccount.yaml = Kube\TraefikAccount.yaml
		Kube\TraefikIngressController.yaml = Kube\TraefikIngressController.yaml
		Kube\TraefikIngressService.yaml = Kube\TraefikIngressService.yaml
	EndProjectSection
EndProject
Project("{2150E333-8FDC-42A3-9474-1A3956D46DE8}") = "Run", "Run", "{DEF11699-77FC-43C7-BC68-111D2BBAD736}"
	ProjectSection(SolutionItems) = preProject
		Run Instructions.txt = Run Instructions.txt
	EndProjectSection
EndProject
Global
	GlobalSection(SolutionConfigurationPlatforms) = preSolution
		Debug|Any CPU = Debug|Any CPU
		Release|Any CPU = Release|Any CPU
	EndGlobalSection
	GlobalSection(ProjectConfigurationPlatforms) = postSolution
		{08F5F681-8813-4DC3-B5B8-F13590AFFEB7}.Debug|Any CPU.ActiveCfg = Debug|Any CPU
		{08F5F681-8813-4DC3-B5B8-F13590AFFEB7}.Debug|Any CPU.Build.0 = Debug|Any CPU
		{08F5F681-8813-4DC3-B5B8-F13590AFFEB7}.Release|Any CPU.ActiveCfg = Release|Any CPU
		{08F5F681-8813-4DC3-B5B8-F13590AFFEB7}.Release|Any CPU.Build.0 = Release|Any CPU
		{F413FFF8-66E4-4FD2-AD1A-99BEA263C796}.Debug|Any CPU.ActiveCfg = Debug|Any CPU
		{F413FFF8-66E4-4FD2-AD1A-99BEA263C796}.Debug|Any CPU.Build.0 = Debug|Any CPU
		{F413FFF8-66E4-4FD2-AD1A-99BEA263C796}.Release|Any CPU.ActiveCfg = Release|Any CPU
		{F413FFF8-66E4-4FD2-AD1A-99BEA263C796}.Release|Any CPU.Build.0 = Release|Any CPU
		{563E6DB8-337D-49EB-A1A1-AE1305EC7F1A}.Debug|Any CPU.ActiveCfg = Debug|Any CPU
		{563E6DB8-337D-49EB-A1A1-AE1305EC7F1A}.Debug|Any CPU.Build.0 = Debug|Any CPU
		{563E6DB8-337D-49EB-A1A1-AE1305EC7F1A}.Release|Any CPU.ActiveCfg = Release|Any CPU
		{563E6DB8-337D-49EB-A1A1-AE1305EC7F1A}.Release|Any CPU.Build.0 = Release|Any CPU
		{9C56FAE0-581F-4B54-AEEE-0D588539D20E}.Debug|Any CPU.ActiveCfg = Debug|Any CPU
		{9C56FAE0-581F-4B54-AEEE-0D588539D20E}.Debug|Any CPU.Build.0 = Debug|Any CPU
		{9C56FAE0-581F-4B54-AEEE-0D588539D20E}.Release|Any CPU.ActiveCfg = Release|Any CPU
		{9C56FAE0-581F-4B54-AEEE-0D588539D20E}.Release|Any CPU.Build.0 = Release|Any CPU
		{6A6D1D79-91E4-4FE4-83E2-721CC64486FE}.Debug|Any CPU.ActiveCfg = Debug|Any CPU
		{6A6D1D79-91E4-4FE4-83E2-721CC64486FE}.Debug|Any CPU.Build.0 = Debug|Any CPU
		{6A6D1D79-91E4-4FE4-83E2-721CC64486FE}.Release|Any CPU.ActiveCfg = Release|Any CPU
		{6A6D1D79-91E4-4FE4-83E2-721CC64486FE}.Release|Any CPU.Build.0 = Release|Any CPU
		{35A8967B-A55F-4A1C-A4C5-1B85D438A4C9}.Debug|Any CPU.ActiveCfg = Debug|Any CPU
		{35A8967B-A55F-4A1C-A4C5-1B85D438A4C9}.Debug|Any CPU.Build.0 = Debug|Any CPU
		{35A8967B-A55F-4A1C-A4C5-1B85D438A4C9}.Release|Any CPU.ActiveCfg = Release|Any CPU
		{35A8967B-A55F-4A1C-A4C5-1B85D438A4C9}.Release|Any CPU.Build.0 = Release|Any CPU
		{A2E344D8-2C15-4FC8-B39E-274EB4527092}.Debug|Any CPU.ActiveCfg = Debug|Any CPU
		{A2E344D8-2C15-4FC8-B39E-274EB4527092}.Debug|Any CPU.Build.0 = Debug|Any CPU
		{A2E344D8-2C15-4FC8-B39E-274EB4527092}.Release|Any CPU.ActiveCfg = Release|Any CPU
		{A2E344D8-2C15-4FC8-B39E-274EB4527092}.Release|Any CPU.Build.0 = Release|Any CPU
	EndGlobalSection
	GlobalSection(SolutionProperties) = preSolution
		HideSolutionNode = FALSE
	EndGlobalSection
	GlobalSection(NestedProjects) = preSolution
		{6A6D1D79-91E4-4FE4-83E2-721CC64486FE} = {98FB4BD4-7D21-4BC3-B717-22C1FEAA0975}
		{34BEADBD-9ABE-4099-90F4-2DDA48777200} = {221D3CE7-68B9-4A1E-A4D1-F8007FAEA07A}
		{35A8967B-A55F-4A1C-A4C5-1B85D438A4C9} = {34BEADBD-9ABE-4099-90F4-2DDA48777200}
		{EF8BB624-67B1-41A4-9222-AF16E15FE7E6} = {221D3CE7-68B9-4A1E-A4D1-F8007FAEA07A}
		{A2E344D8-2C15-4FC8-B39E-274EB4527092} = {EF8BB624-67B1-41A4-9222-AF16E15FE7E6}
		{AB3B9622-61A5-4FC4-8CD4-6ABA5195C193} = {41F97BF6-F32B-4D96-A65F-B0D0CF3F22F4}
		{342F1974-4DEB-4581-BBCD-2C754BD2792F} = {41F97BF6-F32B-4D96-A65F-B0D0CF3F22F4}
	EndGlobalSection
	GlobalSection(ExtensibilityGlobals) = postSolution
		SolutionGuid = {03F6515A-5C85-40B5-A704-695D5F79BC7C}
	EndGlobalSection
EndGlobal
